# THIS IS AN AUTOGENERATED FILE. DO NOT EDIT THIS FILE DIRECTLY.
# yarn lockfile v1


brain@^0.7.0:
  version "0.7.0"
  resolved "https://registry.yarnpkg.com/brain/-/brain-0.7.0.tgz#a6d0718c064a9d50d9bff39f38557b6b94d4466c"
  dependencies:
    inherits "~2.0.1"
    underscore ">=1.5.1"

inherits@~2.0.1:
  version "2.0.3"
  resolved "https://registry.yarnpkg.com/inherits/-/inherits-2.0.3.tgz#633c2c83e3da42a502f52466022480f4208261de"

preact@^8.2.7:
  version "8.2.7"
  resolved "https://registry.yarnpkg.com/preact/-/preact-8.2.7.tgz#316249fb678cd5e93e7cee63cea7bfb62dbd6814"

simple-ux@^0.1.1:
  version "0.1.1"
  resolved "https://registry.yarnpkg.com/simple-ux/-/simple-ux-0.1.1.tgz#19c5abccb52cb8fe98242049c46d4b0913f63eda"
  dependencies:
    preact "^8.2.7"

three@^0.89.0:
  version "0.89.0"
  resolved "https://registry.yarnpkg.com/three/-/three-0.89.0.tgz#4442d819a6168871b8d2cb37ad12a24310c170f5"

underscore@>=1.5.1, underscore@^1.8.3:
  version "1.8.3"
  resolved "https://registry.yarnpkg.com/underscore/-/underscore-1.8.3.tgz#4f3fb53b106e6097fcf9cb4109f2a5e9bdfa5022"
